
Microsoft Visual Studio Solution File, Format Version 12.00
# Visual Studio Version 17
VisualStudioVersion = 17.13.35931.197 d17.13
MinimumVisualStudioVersion = 10.0.40219.1
Project("{2150E333-8FDC-42A3-9474-1A3956D46DE8}") = "src", "src", "{02EA681E-C7D8-13C7-8484-4AC65E1B71E8}"
EndProject
Project("{2150E333-8FDC-42A3-9474-1A3956D46DE8}") = "Services", "Services", "{5F756A62-2BB9-4D8A-97FA-9A947700177B}"
EndProject
Project("{2150E333-8FDC-42A3-9474-1A3956D46DE8}") = "Ordering", "Ordering", "{B1DC500F-1041-4688-ACAC-F13FC8A4356D}"
EndProject
Project("{FAE04EC0-301F-11D3-BF4B-00C04F79EFBC}") = "Ordering.Infrastructure", "src\Services\Ordering\Ordering.Infrastructure\Ordering.Infrastructure.csproj", "{BE85011A-2D42-4F08-8B8C-4D8CBB315D38}"
EndProject
Project("{FAE04EC0-301F-11D3-BF4B-00C04F79EFBC}") = "Ordering.Domain", "src\Services\Ordering\Ordering.Domain\Ordering.Domain.csproj", "{BF662424-72CF-483C-8C88-A2418F5DCE03}"
EndProject
Project("{FAE04EC0-301F-11D3-BF4B-00C04F79EFBC}") = "Ordering.API", "src\Services\Ordering\Ordering.API\Ordering.API.csproj", "{589242D1-C13E-4F3E-9000-FEBF83AC36BC}"
EndProject
Project("{FAE04EC0-301F-11D3-BF4B-00C04F79EFBC}") = "eShopMine.Shared", "src\eShopMine.Shared\eShopMine.Shared.csproj", "{F3B67FF8-7606-4D83-BBE2-EF05CFC59C32}"
EndProject
Project("{FAE04EC0-301F-11D3-BF4B-00C04F79EFBC}") = "Catalog.API", "src\Services\Catalog\Catalog.API\Catalog.API.csproj", "{B036670D-97D5-40EE-ADBB-16ECB1A6ADA0}"
EndProject
Project("{2150E333-8FDC-42A3-9474-1A3956D46DE8}") = "Catalog", "Catalog", "{711A11F6-C7C3-44C5-87AE-2806664E5DC6}"
EndProject
Project("{FAE04EC0-301F-11D3-BF4B-00C04F79EFBC}") = "Basket.API", "src\Services\Basket\Basket.API\Basket.API.csproj", "{46837B74-A8B2-45A5-BBDB-1767ADCC528D}"
EndProject
Project("{2150E333-8FDC-42A3-9474-1A3956D46DE8}") = "Basket", "Basket", "{1C4E4AAE-2729-455F-B820-5C9E6E0056C9}"
EndProject
Global
	GlobalSection(SolutionConfigurationPlatforms) = preSolution
		Debug|Any CPU = Debug|Any CPU
		Release|Any CPU = Release|Any CPU
	EndGlobalSection
	GlobalSection(ProjectConfigurationPlatforms) = postSolution
		{BE85011A-2D42-4F08-8B8C-4D8CBB315D38}.Debug|Any CPU.ActiveCfg = Debug|Any CPU
		{BE85011A-2D42-4F08-8B8C-4D8CBB315D38}.Debug|Any CPU.Build.0 = Debug|Any CPU
		{BE85011A-2D42-4F08-8B8C-4D8CBB315D38}.Release|Any CPU.ActiveCfg = Release|Any CPU
		{BE85011A-2D42-4F08-8B8C-4D8CBB315D38}.Release|Any CPU.Build.0 = Release|Any CPU
		{BF662424-72CF-483C-8C88-A2418F5DCE03}.Debug|Any CPU.ActiveCfg = Debug|Any CPU
		{BF662424-72CF-483C-8C88-A2418F5DCE03}.Debug|Any CPU.Build.0 = Debug|Any CPU
		{BF662424-72CF-483C-8C88-A2418F5DCE03}.Release|Any CPU.ActiveCfg = Release|Any CPU
		{BF662424-72CF-483C-8C88-A2418F5DCE03}.Release|Any CPU.Build.0 = Release|Any CPU
		{589242D1-C13E-4F3E-9000-FEBF83AC36BC}.Debug|Any CPU.ActiveCfg = Debug|Any CPU
		{589242D1-C13E-4F3E-9000-FEBF83AC36BC}.Debug|Any CPU.Build.0 = Debug|Any CPU
		{589242D1-C13E-4F3E-9000-FEBF83AC36BC}.Release|Any CPU.ActiveCfg = Release|Any CPU
		{589242D1-C13E-4F3E-9000-FEBF83AC36BC}.Release|Any CPU.Build.0 = Release|Any CPU
		{F3B67FF8-7606-4D83-BBE2-EF05CFC59C32}.Debug|Any CPU.ActiveCfg = Debug|Any CPU
		{F3B67FF8-7606-4D83-BBE2-EF05CFC59C32}.Debug|Any CPU.Build.0 = Debug|Any CPU
		{F3B67FF8-7606-4D83-BBE2-EF05CFC59C32}.Release|Any CPU.ActiveCfg = Release|Any CPU
		{F3B67FF8-7606-4D83-BBE2-EF05CFC59C32}.Release|Any CPU.Build.0 = Release|Any CPU
		{B036670D-97D5-40EE-ADBB-16ECB1A6ADA0}.Debug|Any CPU.ActiveCfg = Debug|Any CPU
		{B036670D-97D5-40EE-ADBB-16ECB1A6ADA0}.Debug|Any CPU.Build.0 = Debug|Any CPU
		{B036670D-97D5-40EE-ADBB-16ECB1A6ADA0}.Release|Any CPU.ActiveCfg = Release|Any CPU
		{B036670D-97D5-40EE-ADBB-16ECB1A6ADA0}.Release|Any CPU.Build.0 = Release|Any CPU
		{46837B74-A8B2-45A5-BBDB-1767ADCC528D}.Debug|Any CPU.ActiveCfg = Debug|Any CPU
		{46837B74-A8B2-45A5-BBDB-1767ADCC528D}.Debug|Any CPU.Build.0 = Debug|Any CPU
		{46837B74-A8B2-45A5-BBDB-1767ADCC528D}.Release|Any CPU.ActiveCfg = Release|Any CPU
		{46837B74-A8B2-45A5-BBDB-1767ADCC528D}.Release|Any CPU.Build.0 = Release|Any CPU
	EndGlobalSection
	GlobalSection(SolutionProperties) = preSolution
		HideSolutionNode = FALSE
	EndGlobalSection
	GlobalSection(NestedProjects) = preSolution
		{5F756A62-2BB9-4D8A-97FA-9A947700177B} = {02EA681E-C7D8-13C7-8484-4AC65E1B71E8}
		{B1DC500F-1041-4688-ACAC-F13FC8A4356D} = {5F756A62-2BB9-4D8A-97FA-9A947700177B}
		{BE85011A-2D42-4F08-8B8C-4D8CBB315D38} = {B1DC500F-1041-4688-ACAC-F13FC8A4356D}
		{BF662424-72CF-483C-8C88-A2418F5DCE03} = {B1DC500F-1041-4688-ACAC-F13FC8A4356D}
		{589242D1-C13E-4F3E-9000-FEBF83AC36BC} = {B1DC500F-1041-4688-ACAC-F13FC8A4356D}
		{F3B67FF8-7606-4D83-BBE2-EF05CFC59C32} = {02EA681E-C7D8-13C7-8484-4AC65E1B71E8}
		{B036670D-97D5-40EE-ADBB-16ECB1A6ADA0} = {711A11F6-C7C3-44C5-87AE-2806664E5DC6}
		{711A11F6-C7C3-44C5-87AE-2806664E5DC6} = {5F756A62-2BB9-4D8A-97FA-9A947700177B}
		{46837B74-A8B2-45A5-BBDB-1767ADCC528D} = {1C4E4AAE-2729-455F-B820-5C9E6E0056C9}
		{1C4E4AAE-2729-455F-B820-5C9E6E0056C9} = {5F756A62-2BB9-4D8A-97FA-9A947700177B}
	EndGlobalSection
	GlobalSection(ExtensibilityGlobals) = postSolution
		SolutionGuid = {0C1387CA-F059-4DF5-9B0E-9ED114284226}
	EndGlobalSection
EndGlobal
